
Microsoft Visual Studio Solution File, Format Version 12.00
# Visual Studio Version 17
VisualStudioVersion = 17.6.33723.286
MinimumVisualStudioVersion = 10.0.40219.1
Project("{9A19103F-16F7-4668-BE54-9A1E7A4F7556}") = "Coreplus.Sample.Api", "Coreplus.Sample.Api.csproj", "{EC96C79F-7CEC-4CA7-81BC-EE3F186AFE43}"
EndProject
Global
	GlobalSection(SolutionConfigurationPlatforms) = preSolution
		Debug|Any CPU = Debug|Any CPU
		Release|Any CPU = Release|Any CPU
	EndGlobalSection
	GlobalSection(ProjectConfigurationPlatforms) = postSolution
		{EC96C79F-7CEC-4CA7-81BC-EE3F186AFE43}.Debug|Any CPU.ActiveCfg = Debug|Any CPU
		{EC96C79F-7CEC-4CA7-81BC-EE3F186AFE43}.Debug|Any CPU.Build.0 = Debug|Any CPU
		{EC96C79F-7CEC-4CA7-81BC-EE3F186AFE43}.Release|Any CPU.ActiveCfg = Release|Any CPU
		{EC96C79F-7CEC-4CA7-81BC-EE3F186AFE43}.Release|Any CPU.Build.0 = Release|Any CPU
	EndGlobalSection
	GlobalSection(SolutionProperties) = preSolution
		HideSolutionNode = FALSE
	EndGlobalSection
	GlobalSection(ExtensibilityGlobals) = postSolution
		SolutionGuid = {C5628E21-3238-4300-ADA4-308FB8CDC7D7}
	EndGlobalSection
EndGlobal
